
Microsoft Visual Studio Solution File, Format Version 12.00
# Visual Studio Version 17
VisualStudioVersion = 17.14.36221.1 d17.14
MinimumVisualStudioVersion = 10.0.40219.1
Project("{FAE04EC0-301F-11D3-BF4B-00C04F79EFBC}") = "WebAPI", "WebAPI\WebAPI.csproj", "{56BA4AFE-85C7-441D-9399-73BEAEDCBDEF}"
EndProject
Global
	GlobalSection(SolutionConfigurationPlatforms) = preSolution
		Debug|Any CPU = Debug|Any CPU
		Release|Any CPU = Release|Any CPU
	EndGlobalSection
	GlobalSection(ProjectConfigurationPlatforms) = postSolution
		{56BA4AFE-85C7-441D-9399-73BEAEDCBDEF}.Debug|Any CPU.ActiveCfg = Debug|Any CPU
		{56BA4AFE-85C7-441D-9399-73BEAEDCBDEF}.Debug|Any CPU.Build.0 = Debug|Any CPU
		{56BA4AFE-85C7-441D-9399-73BEAEDCBDEF}.Release|Any CPU.ActiveCfg = Release|Any CPU
		{56BA4AFE-85C7-441D-9399-73BEAEDCBDEF}.Release|Any CPU.Build.0 = Release|Any CPU
	EndGlobalSection
	GlobalSection(SolutionProperties) = preSolution
		HideSolutionNode = FALSE
	EndGlobalSection
	GlobalSection(ExtensibilityGlobals) = postSolution
		SolutionGuid = {8C4E7E01-C2B0-43D7-914E-A1FA13415BFE}
	EndGlobalSection
EndGlobal
